
Microsoft Visual Studio Solution File, Format Version 12.00
# Visual Studio Version 17
VisualStudioVersion = 17.9.34714.143
MinimumVisualStudioVersion = 10.0.40219.1
Project("{FAE04EC0-301F-11D3-BF4B-00C04F79EFBC}") = "PokeRaces", "PokeRaces.csproj", "{C4A65E54-3F33-4840-BFA2-D11AD8A9BC81}"
EndProject
Global
	GlobalSection(SolutionConfigurationPlatforms) = preSolution
		Debug|Any CPU = Debug|Any CPU
		Release|Any CPU = Release|Any CPU
	EndGlobalSection
	GlobalSection(ProjectConfigurationPlatforms) = postSolution
		{C4A65E54-3F33-4840-BFA2-D11AD8A9BC81}.Debug|Any CPU.ActiveCfg = Debug|Any CPU
		{C4A65E54-3F33-4840-BFA2-D11AD8A9BC81}.Debug|Any CPU.Build.0 = Debug|Any CPU
		{C4A65E54-3F33-4840-BFA2-D11AD8A9BC81}.Release|Any CPU.ActiveCfg = Release|Any CPU
		{C4A65E54-3F33-4840-BFA2-D11AD8A9BC81}.Release|Any CPU.Build.0 = Release|Any CPU
	EndGlobalSection
	GlobalSection(SolutionProperties) = preSolution
		HideSolutionNode = FALSE
	EndGlobalSection
	GlobalSection(ExtensibilityGlobals) = postSolution
		SolutionGuid = {BA8E757A-8BE6-4B94-97AA-3D4C8E5394C5}
	EndGlobalSection
EndGlobal
